<Solution>
  <Project Path="service-pedidos/PedidosApi/PedidosApi.csproj" Id="b2fef725-61ac-4025-bd30-0e99b1f792d7" />
  <Project Path="service-pedidos/PedidosApplication/PedidosApplication.csproj" />
  <Project Path="service-pedidos/PedidosData/PedidosData.csproj" Id="a65de5ee-56da-4d04-85ab-419a89a1c285" />
</Solution>
